
Microsoft Visual Studio Solution File, Format Version 12.00
# Visual Studio Version 17
VisualStudioVersion = 17.5.33530.505
MinimumVisualStudioVersion = 10.0.40219.1
Project("{FAE04EC0-301F-11D3-BF4B-00C04F79EFBC}") = "DoublyLinkedList", "DoublyLinkedList\DoublyLinkedList.csproj", "{B8B62095-928B-4306-9132-0A7280FE8F7C}"
EndProject
Global
	GlobalSection(SolutionConfigurationPlatforms) = preSolution
		Debug|Any CPU = Debug|Any CPU
		Release|Any CPU = Release|Any CPU
	EndGlobalSection
	GlobalSection(ProjectConfigurationPlatforms) = postSolution
		{B8B62095-928B-4306-9132-0A7280FE8F7C}.Debug|Any CPU.ActiveCfg = Debug|Any CPU
		{B8B62095-928B-4306-9132-0A7280FE8F7C}.Debug|Any CPU.Build.0 = Debug|Any CPU
		{B8B62095-928B-4306-9132-0A7280FE8F7C}.Release|Any CPU.ActiveCfg = Release|Any CPU
		{B8B62095-928B-4306-9132-0A7280FE8F7C}.Release|Any CPU.Build.0 = Release|Any CPU
	EndGlobalSection
	GlobalSection(SolutionProperties) = preSolution
		HideSolutionNode = FALSE
	EndGlobalSection
	GlobalSection(ExtensibilityGlobals) = postSolution
		SolutionGuid = {0C5EE6BF-B99B-419A-9198-0E007A2B8B9B}
	EndGlobalSection
EndGlobal
